
Microsoft Visual Studio Solution File, Format Version 12.00
# Visual Studio Version 16
VisualStudioVersion = 16.0.30803.129
MinimumVisualStudioVersion = 10.0.40219.1
Project("{00D1A9C2-B5F0-4AF3-8072-F6C62B433612}") = "Database", "Database\Database.sqlproj", "{BD78EA2D-8ACE-45F8-9DC0-B785FE15E3F0}"
EndProject
Project("{FAE04EC0-301F-11D3-BF4B-00C04F79EFBC}") = "DatabaseWrapper", "DatabaseWrapper\DatabaseWrapper.csproj", "{7A9CB2C4-79E4-4A61-9A74-2C2965767EC8}"
EndProject
Project("{FAE04EC0-301F-11D3-BF4B-00C04F79EFBC}") = "Tests", "Tests\Tests.csproj", "{58AF50E6-76BF-4715-B748-1282FA7A221D}"
EndProject
Global
	GlobalSection(SolutionConfigurationPlatforms) = preSolution
		Debug|Any CPU = Debug|Any CPU
		Release|Any CPU = Release|Any CPU
	EndGlobalSection
	GlobalSection(ProjectConfigurationPlatforms) = postSolution
		{BD78EA2D-8ACE-45F8-9DC0-B785FE15E3F0}.Debug|Any CPU.ActiveCfg = Debug|Any CPU
		{BD78EA2D-8ACE-45F8-9DC0-B785FE15E3F0}.Debug|Any CPU.Build.0 = Debug|Any CPU
		{BD78EA2D-8ACE-45F8-9DC0-B785FE15E3F0}.Debug|Any CPU.Deploy.0 = Debug|Any CPU
		{BD78EA2D-8ACE-45F8-9DC0-B785FE15E3F0}.Release|Any CPU.ActiveCfg = Release|Any CPU
		{BD78EA2D-8ACE-45F8-9DC0-B785FE15E3F0}.Release|Any CPU.Build.0 = Release|Any CPU
		{BD78EA2D-8ACE-45F8-9DC0-B785FE15E3F0}.Release|Any CPU.Deploy.0 = Release|Any CPU
		{7A9CB2C4-79E4-4A61-9A74-2C2965767EC8}.Debug|Any CPU.ActiveCfg = Debug|Any CPU
		{7A9CB2C4-79E4-4A61-9A74-2C2965767EC8}.Debug|Any CPU.Build.0 = Debug|Any CPU
		{7A9CB2C4-79E4-4A61-9A74-2C2965767EC8}.Release|Any CPU.ActiveCfg = Release|Any CPU
		{7A9CB2C4-79E4-4A61-9A74-2C2965767EC8}.Release|Any CPU.Build.0 = Release|Any CPU
		{58AF50E6-76BF-4715-B748-1282FA7A221D}.Debug|Any CPU.ActiveCfg = Debug|Any CPU
		{58AF50E6-76BF-4715-B748-1282FA7A221D}.Debug|Any CPU.Build.0 = Debug|Any CPU
		{58AF50E6-76BF-4715-B748-1282FA7A221D}.Release|Any CPU.ActiveCfg = Release|Any CPU
		{58AF50E6-76BF-4715-B748-1282FA7A221D}.Release|Any CPU.Build.0 = Release|Any CPU
	EndGlobalSection
	GlobalSection(SolutionProperties) = preSolution
		HideSolutionNode = FALSE
	EndGlobalSection
	GlobalSection(ExtensibilityGlobals) = postSolution
		SolutionGuid = {A1E4E049-FA9A-4A2F-979D-712A74DBAC81}
	EndGlobalSection
EndGlobal
